uuid: 10af94be-5e4f-4141-abf6-aa12d21f3b72
langcode: de
status: true
dependencies:
  config:
    - image.style.1_1_428x428
    - image.style.1_1_512x512
    - image.style.4_3_512x384
  module:
    - backend
_core:
  default_config_hash: LX8y703uaGRL2_YHpE8mdf7CDuLyvsLZY3nfj6J99hs
id: linkblock
label: 'Linkblock (responsiv, nach Bildschirm)'
image_style_mappings:
  -
    image_mapping_type: image_style
    image_mapping: 4_3_512x384
    breakpoint_id: backend.banner.lg
    multiplier: 1x
  -
    image_mapping_type: image_style
    image_mapping: 4_3_512x384
    breakpoint_id: backend.banner.md
    multiplier: 1x
  -
    image_mapping_type: image_style
    image_mapping: 1_1_512x512
    breakpoint_id: backend.banner.sm
    multiplier: 1x
  -
    image_mapping_type: image_style
    image_mapping: 1_1_428x428
    breakpoint_id: backend.banner.xs
    multiplier: 1x
  -
    image_mapping_type: image_style
    image_mapping: 1_1_428x428
    breakpoint_id: backend.banner.xxs
    multiplier: 1x
breakpoint_group: backend.banner
fallback_image_style: 4_3_512x384
